# THIS IS AN AUTOGENERATED FILE. DO NOT EDIT THIS FILE DIRECTLY.
# yarn lockfile v1


path-to-regexp@^8.0.0:
  version "8.0.0"
  resolved "https://registry.yarnpkg.com/path-to-regexp/-/path-to-regexp-8.0.0.tgz#92076ec6b2eaf08be7c3233484142c05e8866cf5"
  integrity sha512-GAWaqWlTjYK/7SVpIUA6CTxmcg65SP30sbjdCvyYReosRkk7Z/LyHWwkK3Vu0FcIi0FNTADUs4eh1AsU5s10cg==
